// !$*UTF8*$!
{
	archiveVersion = 1;
	classes = {
	};
	objectVersion = 77;
	objects = {

/* Begin PBXBuildFile section */
		D321D9AD2DE7D90000C8CF8E /* AquaUI in Frameworks */ = {isa = PBXBuildFile; productRef = D321D9AC2DE7D90000C8CF8E /* AquaUI */; };
		D33056482DE7C41E00E07CFD /* CompactSlider in Frameworks */ = {isa = PBXBuildFile; productRef = D33056472DE7C41E00E07CFD /* CompactSlider */; };
/* End PBXBuildFile section */

/* Begin PBXFileReference section */
		D37CC33B2DE7728C0030845D /* MIDI Jukebox.app */ = {isa = PBXFileReference; explicitFileType = wrapper.application; includeInIndex = 0; path = "MIDI Jukebox.app"; sourceTree = BUILT_PRODUCTS_DIR; };
/* End PBXFileReference section */

/* Begin PBXFileSystemSynchronizedBuildFileExceptionSet section */
		D37CC3482DE7728D0030845D /* Exceptions for "MIDI Jukebox" folder in "MIDI Jukebox" target */ = {
			isa = PBXFileSystemSynchronizedBuildFileExceptionSet;
			membershipExceptions = (
				Info.plist,
			);
			target = D37CC33A2DE7728C0030845D /* MIDI Jukebox */;
		};
/* End PBXFileSystemSynchronizedBuildFileExceptionSet section */

/* Begin PBXFileSystemSynchronizedRootGroup section */
		D37CC33D2DE7728C0030845D /* MIDI Jukebox */ = {
			isa = PBXFileSystemSynchronizedRootGroup;
			exceptions = (
				D37CC3482DE7728D0030845D /* Exceptions for "MIDI Jukebox" folder in "MIDI Jukebox" target */,
			);
			path = "MIDI Jukebox";
			sourceTree = "<group>";
		};
/* End PBXFileSystemSynchronizedRootGroup section */

/* Begin PBXFrameworksBuildPhase section */
		D37CC3382DE7728C0030845D /* Frameworks */ = {
			isa = PBXFrameworksBuildPhase;
			buildActionMask = 2147483647;
			files = (
				D321D9AD2DE7D90000C8CF8E /* AquaUI in Frameworks */,
				D33056482DE7C41E00E07CFD /* CompactSlider in Frameworks */,
			);
			runOnlyForDeploymentPostprocessing = 0;
		};
/* End PBXFrameworksBuildPhase section */

/* Begin PBXGroup section */
		D37CC3322DE7728C0030845D = {
			isa = PBXGroup;
			children = (
				D37CC33D2DE7728C0030845D /* MIDI Jukebox */,
				D37CC33C2DE7728C0030845D /* Products */,
			);
			sourceTree = "<group>";
		};
		D37CC33C2DE7728C0030845D /* Products */ = {
			isa = PBXGroup;
			children = (
				D37CC33B2DE7728C0030845D /* MIDI Jukebox.app */,
			);
			name = Products;
			sourceTree = "<group>";
		};
/* End PBXGroup section */

/* Begin PBXNativeTarget section */
		D37CC33A2DE7728C0030845D /* MIDI Jukebox */ = {
			isa = PBXNativeTarget;
			buildConfigurationList = D37CC3492DE7728D0030845D /* Build configuration list for PBXNativeTarget "MIDI Jukebox" */;
			buildPhases = (
				D37CC3372DE7728C0030845D /* Sources */,
				D37CC3382DE7728C0030845D /* Frameworks */,
				D37CC3392DE7728C0030845D /* Resources */,
			);
			buildRules = (
			);
			dependencies = (
			);
			fileSystemSynchronizedGroups = (
				D37CC33D2DE7728C0030845D /* MIDI Jukebox */,
			);
			name = "MIDI Jukebox";
			packageProductDependencies = (
				D33056472DE7C41E00E07CFD /* CompactSlider */,
				D321D9AC2DE7D90000C8CF8E /* AquaUI */,
			);
			productName = "MIDI Jukebox";
			productReference = D37CC33B2DE7728C0030845D /* MIDI Jukebox.app */;
			productType = "com.apple.product-type.application";
		};
/* End PBXNativeTarget section */

/* Begin PBXProject section */
		D37CC3332DE7728C0030845D /* Project object */ = {
			isa = PBXProject;
			attributes = {
				BuildIndependentTargetsInParallel = 1;
				LastSwiftUpdateCheck = 1630;
				LastUpgradeCheck = 1630;
				TargetAttributes = {
					D37CC33A2DE7728C0030845D = {
						CreatedOnToolsVersion = 16.3;
					};
				};
			};
			buildConfigurationList = D37CC3362DE7728C0030845D /* Build configuration list for PBXProject "MIDI Jukebox" */;
			developmentRegion = en;
			hasScannedForEncodings = 0;
			knownRegions = (
				en,
				Base,
			);
			mainGroup = D37CC3322DE7728C0030845D;
			minimizedProjectReferenceProxies = 1;
			packageReferences = (
				D33056462DE7C41E00E07CFD /* XCRemoteSwiftPackageReference "CompactSlider" */,
				D321D9AB2DE7D90000C8CF8E /* XCRemoteSwiftPackageReference "AquaUI" */,
			);
			preferredProjectObjectVersion = 77;
			productRefGroup = D37CC33C2DE7728C0030845D /* Products */;
			projectDirPath = "";
			projectRoot = "";
			targets = (
				D37CC33A2DE7728C0030845D /* MIDI Jukebox */,
			);
		};
/* End PBXProject section */

/* Begin PBXResourcesBuildPhase section */
		D37CC3392DE7728C0030845D /* Resources */ = {
			isa = PBXResourcesBuildPhase;
			buildActionMask = 2147483647;
			files = (
			);
			runOnlyForDeploymentPostprocessing = 0;
		};
/* End PBXResourcesBuildPhase section */

/* Begin PBXSourcesBuildPhase section */
		D37CC3372DE7728C0030845D /* Sources */ = {
			isa = PBXSourcesBuildPhase;
			buildActionMask = 2147483647;
			files = (
			);
			runOnlyForDeploymentPostprocessing = 0;
		};
/* End PBXSourcesBuildPhase section */

/* Begin XCBuildConfiguration section */
		D37CC34A2DE7728D0030845D /* Debug */ = {
			isa = XCBuildConfiguration;
			buildSettings = {
				ASSETCATALOG_COMPILER_APPICON_NAME = AppIcon;
				ASSETCATALOG_COMPILER_GLOBAL_ACCENT_COLOR_NAME = AccentColor;
				CODE_SIGN_ENTITLEMENTS = "MIDI Jukebox/MIDI_Jukebox.entitlements";
				CODE_SIGN_STYLE = Automatic;
				COMBINE_HIDPI_IMAGES = YES;
				CURRENT_PROJECT_VERSION = 100;
				DEVELOPMENT_TEAM = B3DFV278UN;
				ENABLE_HARDENED_RUNTIME = YES;
				ENABLE_PREVIEWS = YES;
				GENERATE_INFOPLIST_FILE = YES;
				INFOPLIST_FILE = "MIDI Jukebox/Info.plist";
				INFOPLIST_KEY_CFBundleDisplayName = "MIDI Jukebox";
				INFOPLIST_KEY_LSApplicationCategoryType = "public.app-category.music";
				INFOPLIST_KEY_NSHumanReadableCopyright = "";
				LD_RUNPATH_SEARCH_PATHS = (
					"$(inherited)",
					"@executable_path/../Frameworks",
				);
				MARKETING_VERSION = 1.0;
				PRODUCT_BUNDLE_IDENTIFIER = "com.ghalldev.MIDI-Jukebox";
				PRODUCT_NAME = "$(TARGET_NAME)";
				REGISTER_APP_GROUPS = YES;
				SWIFT_EMIT_LOC_STRINGS = YES;
				SWIFT_VERSION = 5.0;
			};
			name = Debug;
		};
		D37CC34B2DE7728D0030845D /* Release */ = {
			isa = XCBuildConfiguration;
			buildSettings = {
				ASSETCATALOG_COMPILER_APPICON_NAME = AppIcon;
				ASSETCATALOG_COMPILER_GLOBAL_ACCENT_COLOR_NAME = AccentColor;
				CODE_SIGN_ENTITLEMENTS = "MIDI Jukebox/MIDI_Jukebox.entitlements";
				CODE_SIGN_STYLE = Automatic;
				COMBINE_HIDPI_IMAGES = YES;
				CURRENT_PROJECT_VERSION = 100;
				DEVELOPMENT_TEAM = B3DFV278UN;
				ENABLE_HARDENED_RUNTIME = YES;
				ENABLE_PREVIEWS = YES;
				GENERATE_INFOPLIST_FILE = YES;
				INFOPLIST_FILE = "MIDI Jukebox/Info.plist";
				INFOPLIST_KEY_CFBundleDisplayName = "MIDI Jukebox";
				INFOPLIST_KEY_LSApplicationCategoryType = "public.app-category.music";
				INFOPLIST_KEY_NSHumanReadableCopyright = "";
				LD_RUNPATH_SEARCH_PATHS = (
					"$(inherited)",
					"@executable_path/../Frameworks",
				);
				MARKETING_VERSION = 1.0;
				PRODUCT_BUNDLE_IDENTIFIER = "com.ghalldev.MIDI-Jukebox";
				PRODUCT_NAME = "$(TARGET_NAME)";
				REGISTER_APP_GROUPS = YES;
				SWIFT_EMIT_LOC_STRINGS = YES;
				SWIFT_VERSION = 5.0;
			};
			name = Release;
		};
		D37CC34C2DE7728D0030845D /* Debug */ = {
			isa = XCBuildConfiguration;
			buildSettings = {
				ALWAYS_SEARCH_USER_PATHS = NO;
				ASSETCATALOG_COMPILER_GENERATE_SWIFT_ASSET_SYMBOL_EXTENSIONS = YES;
				CLANG_ANALYZER_NONNULL = YES;
				CLANG_ANALYZER_NUMBER_OBJECT_CONVERSION = YES_AGGRESSIVE;
				CLANG_CXX_LANGUAGE_STANDARD = "gnu++20";
				CLANG_ENABLE_MODULES = YES;
				CLANG_ENABLE_OBJC_ARC = YES;
				CLANG_ENABLE_OBJC_WEAK = YES;
				CLANG_WARN_BLOCK_CAPTURE_AUTORELEASING = YES;
				CLANG_WARN_BOOL_CONVERSION = YES;
				CLANG_WARN_COMMA = YES;
				CLANG_WARN_CONSTANT_CONVERSION = YES;
				CLANG_WARN_DEPRECATED_OBJC_IMPLEMENTATIONS = YES;
				CLANG_WARN_DIRECT_OBJC_ISA_USAGE = YES_ERROR;
				CLANG_WARN_DOCUMENTATION_COMMENTS = YES;
				CLANG_WARN_EMPTY_BODY = YES;
				CLANG_WARN_ENUM_CONVERSION = YES;
				CLANG_WARN_INFINITE_RECURSION = YES;
				CLANG_WARN_INT_CONVERSION = YES;
				CLANG_WARN_NON_LITERAL_NULL_CONVERSION = YES;
				CLANG_WARN_OBJC_IMPLICIT_RETAIN_SELF = YES;
				CLANG_WARN_OBJC_LITERAL_CONVERSION = YES;
				CLANG_WARN_OBJC_ROOT_CLASS = YES_ERROR;
				CLANG_WARN_QUOTED_INCLUDE_IN_FRAMEWORK_HEADER = YES;
				CLANG_WARN_RANGE_LOOP_ANALYSIS = YES;
				CLANG_WARN_STRICT_PROTOTYPES = YES;
				CLANG_WARN_SUSPICIOUS_MOVE = YES;
				CLANG_WARN_UNGUARDED_AVAILABILITY = YES_AGGRESSIVE;
				CLANG_WARN_UNREACHABLE_CODE = YES;
				CLANG_WARN__DUPLICATE_METHOD_MATCH = YES;
				COPY_PHASE_STRIP = NO;
				DEBUG_INFORMATION_FORMAT = dwarf;
				DEVELOPMENT_TEAM = B3DFV278UN;
				ENABLE_STRICT_OBJC_MSGSEND = YES;
				ENABLE_TESTABILITY = YES;
				ENABLE_USER_SCRIPT_SANDBOXING = YES;
				GCC_C_LANGUAGE_STANDARD = gnu17;
				GCC_DYNAMIC_NO_PIC = NO;
				GCC_NO_COMMON_BLOCKS = YES;
				GCC_OPTIMIZATION_LEVEL = 0;
				GCC_PREPROCESSOR_DEFINITIONS = (
					"DEBUG=1",
					"$(inherited)",
				);
				GCC_WARN_64_TO_32_BIT_CONVERSION = YES;
				GCC_WARN_ABOUT_RETURN_TYPE = YES_ERROR;
				GCC_WARN_UNDECLARED_SELECTOR = YES;
				GCC_WARN_UNINITIALIZED_AUTOS = YES_AGGRESSIVE;
				GCC_WARN_UNUSED_FUNCTION = YES;
				GCC_WARN_UNUSED_VARIABLE = YES;
				LOCALIZATION_PREFERS_STRING_CATALOGS = YES;
				MACOSX_DEPLOYMENT_TARGET = 15.4;
				MTL_ENABLE_DEBUG_INFO = INCLUDE_SOURCE;
				MTL_FAST_MATH = YES;
				ONLY_ACTIVE_ARCH = YES;
				SDKROOT = macosx;
				SWIFT_ACTIVE_COMPILATION_CONDITIONS = "DEBUG $(inherited)";
				SWIFT_OPTIMIZATION_LEVEL = "-Onone";
			};
			name = Debug;
		};
		D37CC34D2DE7728D0030845D /* Release */ = {
			isa = XCBuildConfiguration;
			buildSettings = {
				ALWAYS_SEARCH_USER_PATHS = NO;
				ASSETCATALOG_COMPILER_GENERATE_SWIFT_ASSET_SYMBOL_EXTENSIONS = YES;
				CLANG_ANALYZER_NONNULL = YES;
				CLANG_ANALYZER_NUMBER_OBJECT_CONVERSION = YES_AGGRESSIVE;
				CLANG_CXX_LANGUAGE_STANDARD = "gnu++20";
				CLANG_ENABLE_MODULES = YES;
				CLANG_ENABLE_OBJC_ARC = YES;
				CLANG_ENABLE_OBJC_WEAK = YES;
				CLANG_WARN_BLOCK_CAPTURE_AUTORELEASING = YES;
				CLANG_WARN_BOOL_CONVERSION = YES;
				CLANG_WARN_COMMA = YES;
				CLANG_WARN_CONSTANT_CONVERSION = YES;
				CLANG_WARN_DEPRECATED_OBJC_IMPLEMENTATIONS = YES;
				CLANG_WARN_DIRECT_OBJC_ISA_USAGE = YES_ERROR;
				CLANG_WARN_DOCUMENTATION_COMMENTS = YES;
				CLANG_WARN_EMPTY_BODY = YES;
				CLANG_WARN_ENUM_CONVERSION = YES;
				CLANG_WARN_INFINITE_RECURSION = YES;
				CLANG_WARN_INT_CONVERSION = YES;
				CLANG_WARN_NON_LITERAL_NULL_CONVERSION = YES;
				CLANG_WARN_OBJC_IMPLICIT_RETAIN_SELF = YES;
				CLANG_WARN_OBJC_LITERAL_CONVERSION = YES;
				CLANG_WARN_OBJC_ROOT_CLASS = YES_ERROR;
				CLANG_WARN_QUOTED_INCLUDE_IN_FRAMEWORK_HEADER = YES;
				CLANG_WARN_RANGE_LOOP_ANALYSIS = YES;
				CLANG_WARN_STRICT_PROTOTYPES = YES;
				CLANG_WARN_SUSPICIOUS_MOVE = YES;
				CLANG_WARN_UNGUARDED_AVAILABILITY = YES_AGGRESSIVE;
				CLANG_WARN_UNREACHABLE_CODE = YES;
				CLANG_WARN__DUPLICATE_METHOD_MATCH = YES;
				COPY_PHASE_STRIP = NO;
				DEBUG_INFORMATION_FORMAT = "dwarf-with-dsym";
				DEVELOPMENT_TEAM = B3DFV278UN;
				ENABLE_NS_ASSERTIONS = NO;
				ENABLE_STRICT_OBJC_MSGSEND = YES;
				ENABLE_USER_SCRIPT_SANDBOXING = YES;
				GCC_C_LANGUAGE_STANDARD = gnu17;
				GCC_NO_COMMON_BLOCKS = YES;
				GCC_WARN_64_TO_32_BIT_CONVERSION = YES;
				GCC_WARN_ABOUT_RETURN_TYPE = YES_ERROR;
				GCC_WARN_UNDECLARED_SELECTOR = YES;
				GCC_WARN_UNINITIALIZED_AUTOS = YES_AGGRESSIVE;
				GCC_WARN_UNUSED_FUNCTION = YES;
				GCC_WARN_UNUSED_VARIABLE = YES;
				LOCALIZATION_PREFERS_STRING_CATALOGS = YES;
				MACOSX_DEPLOYMENT_TARGET = 15.4;
				MTL_ENABLE_DEBUG_INFO = NO;
				MTL_FAST_MATH = YES;
				SDKROOT = macosx;
				SWIFT_COMPILATION_MODE = wholemodule;
			};
			name = Release;
		};
/* End XCBuildConfiguration section */

/* Begin XCConfigurationList section */
		D37CC3362DE7728C0030845D /* Build configuration list for PBXProject "MIDI Jukebox" */ = {
			isa = XCConfigurationList;
			buildConfigurations = (
				D37CC34C2DE7728D0030845D /* Debug */,
				D37CC34D2DE7728D0030845D /* Release */,
			);
			defaultConfigurationIsVisible = 0;
			defaultConfigurationName = Release;
		};
		D37CC3492DE7728D0030845D /* Build configuration list for PBXNativeTarget "MIDI Jukebox" */ = {
			isa = XCConfigurationList;
			buildConfigurations = (
				D37CC34A2DE7728D0030845D /* Debug */,
				D37CC34B2DE7728D0030845D /* Release */,
			);
			defaultConfigurationIsVisible = 0;
			defaultConfigurationName = Release;
		};
/* End XCConfigurationList section */

/* Begin XCRemoteSwiftPackageReference section */
		D321D9AB2DE7D90000C8CF8E /* XCRemoteSwiftPackageReference "AquaUI" */ = {
			isa = XCRemoteSwiftPackageReference;
			repositoryURL = "https://github.com/jonsterling/AquaUI";
			requirement = {
				branch = main;
				kind = branch;
			};
		};
		D33056462DE7C41E00E07CFD /* XCRemoteSwiftPackageReference "CompactSlider" */ = {
			isa = XCRemoteSwiftPackageReference;
			repositoryURL = "https://github.com/buh/CompactSlider.git";
			requirement = {
				kind = upToNextMajorVersion;
				minimumVersion = 2.0.9;
			};
		};
/* End XCRemoteSwiftPackageReference section */

/* Begin XCSwiftPackageProductDependency section */
		D321D9AC2DE7D90000C8CF8E /* AquaUI */ = {
			isa = XCSwiftPackageProductDependency;
			package = D321D9AB2DE7D90000C8CF8E /* XCRemoteSwiftPackageReference "AquaUI" */;
			productName = AquaUI;
		};
		D33056472DE7C41E00E07CFD /* CompactSlider */ = {
			isa = XCSwiftPackageProductDependency;
			package = D33056462DE7C41E00E07CFD /* XCRemoteSwiftPackageReference "CompactSlider" */;
			productName = CompactSlider;
		};
/* End XCSwiftPackageProductDependency section */
	};
	rootObject = D37CC3332DE7728C0030845D /* Project object */;
}
